# This file is automatically @generated by Cargo.
# It is not intended for manual editing.
[[package]]
name = "bit_field"
version = "0.9.0"
source = "registry+https://github.com/rust-lang/crates.io-index"
checksum = "ed8765909f9009617974ab6b7d332625b320b33c326b1e9321382ef1999b5d56"

[[package]]
name = "bit_field"
version = "0.10.1"
source = "registry+https://github.com/rust-lang/crates.io-index"
checksum = "dcb6dd1c2376d2e096796e234a70e17e94cc2d5d54ff8ce42b28cef1d0d359a4"

[[package]]
name = "bitflags"
version = "1.2.1"
source = "registry+https://github.com/rust-lang/crates.io-index"
checksum = "cf1de2fe8c75bc145a2f577add951f8134889b4795d47466a54a5c846d691693"

[[package]]
name = "bitmap-allocator"
version = "0.1.0"
source = "git+https://github.com/rcore-os/bitmap-allocator?rev=03bd9909#03bd9909d0dc85e99f5559b97a163ab81073df83"
dependencies = [
 "bit_field 0.9.0",
]

[[package]]
name = "buddy_system_allocator"
version = "0.5.0"
source = "registry+https://github.com/rust-lang/crates.io-index"
checksum = "878f98e1ffe8407ab5e06c91715d45ca173d775c0fc77735c0b3ec88aa8161af"
dependencies = [
 "spin 0.5.2",
]

[[package]]
name = "cc"
version = "1.0.62"
source = "registry+https://github.com/rust-lang/crates.io-index"
checksum = "f1770ced377336a88a67c473594ccc14eca6f4559217c34f64aac8f83d641b40"

[[package]]
name = "cfg-if"
version = "0.1.10"
source = "registry+https://github.com/rust-lang/crates.io-index"
checksum = "4785bdd1c96b2a846b2bd7cc02e86b6b3dbf14e7e53446c4f54c92a361040822"

[[package]]
name = "lazy_static"
version = "1.4.0"
source = "registry+https://github.com/rust-lang/crates.io-index"
checksum = "e2abad23fbc42b3700f2f279844dc832adb2b2eb069b2df918f455c4e18cc646"
dependencies = [
 "spin 0.5.2",
]

[[package]]
name = "libvmm"
version = "0.1.0"
dependencies = [
 "bit_field 0.10.1",
 "bitflags",
 "libvmm_macros",
 "numeric-enum-macro",
 "x86",
]

[[package]]
name = "libvmm_macros"
version = "0.1.0"
dependencies = [
 "numeric-enum-macro",
 "quote",
 "syn",
 "x86",
]

[[package]]
name = "log"
version = "0.4.11"
source = "registry+https://github.com/rust-lang/crates.io-index"
checksum = "4fabed175da42fed1fa0746b0ea71f412aa9d35e76e95e59b192c64b9dc2bf8b"
dependencies = [
 "cfg-if",
]

[[package]]
name = "numeric-enum-macro"
version = "0.2.0"
source = "registry+https://github.com/rust-lang/crates.io-index"
checksum = "300e4bdb6b46b592948e700ea1ef24a4296491f6a0ee722b258040abd15a3714"

[[package]]
name = "proc-macro2"
version = "1.0.24"
source = "registry+https://github.com/rust-lang/crates.io-index"
checksum = "1e0704ee1a7e00d7bb417d0770ea303c1bccbabf0ef1667dae92b5967f5f8a71"
dependencies = [
 "unicode-xid",
]

[[package]]
name = "quote"
version = "1.0.7"
source = "registry+https://github.com/rust-lang/crates.io-index"
checksum = "aa563d17ecb180e500da1cfd2b028310ac758de548efdd203e18f283af693f37"
dependencies = [
 "proc-macro2",
]

[[package]]
name = "raw-cpuid"
version = "8.1.2"
source = "registry+https://github.com/rust-lang/crates.io-index"
checksum = "1fdf7d9dbd43f3d81d94a49c1c3df73cc2b3827995147e6cf7f89d4ec5483e73"
dependencies = [
 "bitflags",
 "cc",
 "rustc_version",
]

[[package]]
name = "rustc_version"
version = "0.2.3"
source = "registry+https://github.com/rust-lang/crates.io-index"
checksum = "138e3e0acb6c9fb258b19b67cb8abd63c00679d2851805ea151465464fe9030a"
dependencies = [
 "semver",
]

[[package]]
name = "rvm"
version = "1.0.0"
dependencies = [
 "bit_field 0.10.1",
 "bitflags",
 "bitmap-allocator",
 "buddy_system_allocator",
 "lazy_static",
 "libvmm",
 "log",
 "numeric-enum-macro",
 "raw-cpuid",
 "spin 0.7.0",
 "uart_16550",
 "x86",
 "x86_64",
]

[[package]]
name = "semver"
version = "0.9.0"
source = "registry+https://github.com/rust-lang/crates.io-index"
checksum = "1d7eb9ef2c18661902cc47e535f9bc51b78acd254da71d375c2f6720d9a40403"
dependencies = [
 "semver-parser",
]

[[package]]
name = "semver-parser"
version = "0.7.0"
source = "registry+https://github.com/rust-lang/crates.io-index"
checksum = "388a1df253eca08550bef6c72392cfe7c30914bf41df5269b68cbd6ff8f570a3"

[[package]]
name = "spin"
version = "0.5.2"
source = "registry+https://github.com/rust-lang/crates.io-index"
checksum = "6e63cff320ae2c57904679ba7cb63280a3dc4613885beafb148ee7bf9aa9042d"

[[package]]
name = "spin"
version = "0.7.0"
source = "registry+https://github.com/rust-lang/crates.io-index"
checksum = "652ac3743312871a5fb703f0337e68ffa3cdc28c863efad0b8dc858fa10c991b"

[[package]]
name = "syn"
version = "1.0.48"
source = "registry+https://github.com/rust-lang/crates.io-index"
checksum = "cc371affeffc477f42a221a1e4297aedcea33d47d19b61455588bd9d8f6b19ac"
dependencies = [
 "proc-macro2",
 "quote",
 "unicode-xid",
]

[[package]]
name = "uart_16550"
version = "0.2.10"
dependencies = [
 "bitflags",
 "x86_64",
]

[[package]]
name = "unicode-xid"
version = "0.2.1"
source = "registry+https://github.com/rust-lang/crates.io-index"
checksum = "f7fe0bb3479651439c9112f72b6c505038574c9fbb575ed1bf3b797fa39dd564"

[[package]]
name = "x86"
version = "0.34.0"
source = "registry+https://github.com/rust-lang/crates.io-index"
checksum = "c146cbc47471e076987378c159a7aa8fa434680c6fbddca59fe6f40f1591c819"
dependencies = [
 "bit_field 0.10.1",
 "bitflags",
 "raw-cpuid",
]

[[package]]
name = "x86_64"
version = "0.12.3"
source = "registry+https://github.com/rust-lang/crates.io-index"
checksum = "79872a41412b9f91e72b24ab7f057ba500b5776349c5106d0b2e064e97ff1252"
dependencies = [
 "bit_field 0.9.0",
 "bitflags",
]
